
Microsoft Visual Studio Solution File, Format Version 12.00
# Visual Studio Version 17
VisualStudioVersion = 17.13.35931.197 d17.13
MinimumVisualStudioVersion = 10.0.40219.1
Project("{FAE04EC0-301F-11D3-BF4B-00C04F79EFBC}") = "Main", "Main.csproj", "{D7C37B0D-B40B-44A4-924A-D2760FDC779B}"
EndProject
Global
	GlobalSection(SolutionConfigurationPlatforms) = preSolution
		Debug|Any CPU = Debug|Any CPU
		Release|Any CPU = Release|Any CPU
	EndGlobalSection
	GlobalSection(ProjectConfigurationPlatforms) = postSolution
		{D7C37B0D-B40B-44A4-924A-D2760FDC779B}.Debug|Any CPU.ActiveCfg = Debug|Any CPU
		{D7C37B0D-B40B-44A4-924A-D2760FDC779B}.Debug|Any CPU.Build.0 = Debug|Any CPU
		{D7C37B0D-B40B-44A4-924A-D2760FDC779B}.Release|Any CPU.ActiveCfg = Release|Any CPU
		{D7C37B0D-B40B-44A4-924A-D2760FDC779B}.Release|Any CPU.Build.0 = Release|Any CPU
	EndGlobalSection
	GlobalSection(SolutionProperties) = preSolution
		HideSolutionNode = FALSE
	EndGlobalSection
	GlobalSection(ExtensibilityGlobals) = postSolution
		SolutionGuid = {AF86BD10-E8ED-4400-9FE0-35EA91AF6628}
	EndGlobalSection
EndGlobal
